PODS:
  - Flutter (1.0.0)
  - flutter_sequencer (0.4.3):
    - Flutter

DEPENDENCIES:
  - Flutter (from `Flutter`)
  - flutter_sequencer (from `.symlinks/plugins/flutter_sequencer/ios`)

EXTERNAL SOURCES:
  Flutter:
    :path: Flutter
  flutter_sequencer:
    :path: ".symlinks/plugins/flutter_sequencer/ios"

SPEC CHECKSUMS:
  Flutter: cabc95a1d2626b1b06e7179b784ebcf0c0cde467
  flutter_sequencer: 784ca9d5b733a52b2b31a6d2fd39f78bc5476591

PODFILE CHECKSUM: 12bd3b25efbc290f68e86ed19f7dcd8766118c2a

COCOAPODS: 1.16.2
